
Microsoft Visual Studio Solution File, Format Version 12.00
# Visual Studio 15
VisualStudioVersion = 15.0.28307.1382
MinimumVisualStudioVersion = 10.0.40219.1
Project("{FAE04EC0-301F-11D3-BF4B-00C04F79EFBC}") = "CursoMongo", "CursoMongo\CursoMongo.csproj", "{C5DADE1A-3538-483F-B2C0-DB19087B7EDB}"
EndProject
Global
	GlobalSection(SolutionConfigurationPlatforms) = preSolution
		Debug|Any CPU = Debug|Any CPU
		Release|Any CPU = Release|Any CPU
	EndGlobalSection
	GlobalSection(ProjectConfigurationPlatforms) = postSolution
		{C5DADE1A-3538-483F-B2C0-DB19087B7EDB}.Debug|Any CPU.ActiveCfg = Debug|Any CPU
		{C5DADE1A-3538-483F-B2C0-DB19087B7EDB}.Debug|Any CPU.Build.0 = Debug|Any CPU
		{C5DADE1A-3538-483F-B2C0-DB19087B7EDB}.Release|Any CPU.ActiveCfg = Release|Any CPU
		{C5DADE1A-3538-483F-B2C0-DB19087B7EDB}.Release|Any CPU.Build.0 = Release|Any CPU
	EndGlobalSection
	GlobalSection(SolutionProperties) = preSolution
		HideSolutionNode = FALSE
	EndGlobalSection
	GlobalSection(ExtensibilityGlobals) = postSolution
		SolutionGuid = {7A568CA9-EE6C-408B-8350-A0938B608CA2}
	EndGlobalSection
EndGlobal
